
Microsoft Visual Studio Solution File, Format Version 12.00
# Visual Studio Version 18
VisualStudioVersion = 18.6.11822.322 stable
MinimumVisualStudioVersion = 10.0.40219.1
Project("{FAE04EC0-301F-11D3-BF4B-00C04F79EFBC}") = "PicDispatch", "PicDispatch.csproj", "{12CE9DDE-C216-48C8-EB73-7573FEBC1E8D}"
EndProject
Global
	GlobalSection(SolutionConfigurationPlatforms) = preSolution
		Debug|Any CPU = Debug|Any CPU
		Release|Any CPU = Release|Any CPU
	EndGlobalSection
	GlobalSection(ProjectConfigurationPlatforms) = postSolution
		{12CE9DDE-C216-48C8-EB73-7573FEBC1E8D}.Debug|Any CPU.ActiveCfg = Debug|Any CPU
		{12CE9DDE-C216-48C8-EB73-7573FEBC1E8D}.Debug|Any CPU.Build.0 = Debug|Any CPU
		{12CE9DDE-C216-48C8-EB73-7573FEBC1E8D}.Release|Any CPU.ActiveCfg = Release|Any CPU
		{12CE9DDE-C216-48C8-EB73-7573FEBC1E8D}.Release|Any CPU.Build.0 = Release|Any CPU
	EndGlobalSection
	GlobalSection(SolutionProperties) = preSolution
		HideSolutionNode = FALSE
	EndGlobalSection
	GlobalSection(ExtensibilityGlobals) = postSolution
		SolutionGuid = {C5819120-7D3F-434E-BC59-10424F980247}
	EndGlobalSection
EndGlobal
